
Microsoft Visual Studio Solution File, Format Version 12.00
# Visual Studio Version 16
VisualStudioVersion = 16.0.32901.82
MinimumVisualStudioVersion = 10.0.40219.1
Project("{FAE04EC0-301F-11D3-BF4B-00C04F79EFBC}") = "PerformanceMonitor", "PerformanceMonitor\PerformanceMonitor.csproj", "{359E25FF-1C3F-4DDF-8305-79C9C6E9809F}"
EndProject
Global
	GlobalSection(SolutionConfigurationPlatforms) = preSolution
		Debug|Any CPU = Debug|Any CPU
		Release|Any CPU = Release|Any CPU
	EndGlobalSection
	GlobalSection(ProjectConfigurationPlatforms) = postSolution
		{359E25FF-1C3F-4DDF-8305-79C9C6E9809F}.Debug|Any CPU.ActiveCfg = Debug|Any CPU
		{359E25FF-1C3F-4DDF-8305-79C9C6E9809F}.Debug|Any CPU.Build.0 = Debug|Any CPU
		{359E25FF-1C3F-4DDF-8305-79C9C6E9809F}.Release|Any CPU.ActiveCfg = Release|Any CPU
		{359E25FF-1C3F-4DDF-8305-79C9C6E9809F}.Release|Any CPU.Build.0 = Release|Any CPU
	EndGlobalSection
	GlobalSection(SolutionProperties) = preSolution
		HideSolutionNode = FALSE
	EndGlobalSection
	GlobalSection(ExtensibilityGlobals) = postSolution
		SolutionGuid = {45BEC90F-6059-4270-AFD0-E0DE29EA753E}
	EndGlobalSection
EndGlobal
